{
  "name": "Bilimkana-project",
  "lockfileVersion": 3,
  "requires": true,
  "packages": {
    "": {
      "dependencies": {
        "@uvarov.frontend/vanilla-calendar": "^2.4.0",
        "dayjs": "^1.11.7"
      }
    },
    "node_modules/@uvarov.frontend/vanilla-calendar": {
      "version": "2.4.0",
      "resolved": "https://registry.npmjs.org/@uvarov.frontend/vanilla-calendar/-/vanilla-calendar-2.4.0.tgz",
      "integrity": "sha512-xcYwtgpNrz0502BI6eWK00UEcgdggvX3PCtJFONDb9w7K7JjOEBc7YB4+wvVK14/7weWsGKYltuUTvxRrcSxBg=="
    },
    "node_modules/dayjs": {
      "version": "1.11.7",
      "resolved": "https://registry.npmjs.org/dayjs/-/dayjs-1.11.7.tgz",
      "integrity": "sha512-+Yw9U6YO5TQohxLcIkrXBeY73WP3ejHWVvx8XCk3gxvQDCTEmS48ZrSZCKciI7Bhl/uCMyxYtE9UqRILmFphkQ=="
    }
  }
}
